// !$*UTF8*$!
{
	archiveVersion = 1;
	classes = {
	};
	objectVersion = 56;
	objects = {

/* Begin PBXBuildFile section */
		3AC604AD2ADF90D600417EA8 /* FinancialAdvisorApp.swift in Sources */ = {isa = PBXBuildFile; fileRef = 3AC604AC2ADF90D600417EA8 /* FinancialAdvisorApp.swift */; };
		3AC604AF2ADF90D600417EA8 /* ContentView.swift in Sources */ = {isa = PBXBuildFile; fileRef = 3AC604AE2ADF90D600417EA8 /* ContentView.swift */; };
		3AC604B12ADF90D800417EA8 /* Assets.xcassets in Resources */ = {isa = PBXBuildFile; fileRef = 3AC604B02ADF90D800417EA8 /* Assets.xcassets */; };
		3AC604B52ADF90D800417EA8 /* Preview Assets.xcassets in Resources */ = {isa = PBXBuildFile; fileRef = 3AC604B42ADF90D800417EA8 /* Preview Assets.xcassets */; };
		3AC604BF2ADF90D800417EA8 /* FinancialAdvisorTests.swift in Sources */ = {isa = PBXBuildFile; fileRef = 3AC604BE2ADF90D800417EA8 /* FinancialAdvisorTests.swift */; };
		3AC604C92ADF90D900417EA8 /* FinancialAdvisorUITests.swift in Sources */ = {isa = PBXBuildFile; fileRef = 3AC604C82ADF90D900417EA8 /* FinancialAdvisorUITests.swift */; };
		3AC604CB2ADF90D900417EA8 /* FinancialAdvisorUITestsLaunchTests.swift in Sources */ = {isa = PBXBuildFile; fileRef = 3AC604CA2ADF90D900417EA8 /* FinancialAdvisorUITestsLaunchTests.swift */; };
/* End PBXBuildFile section */

/* Begin PBXContainerItemProxy section */
		3AC604BB2ADF90D800417EA8 /* PBXContainerItemProxy */ = {
			isa = PBXContainerItemProxy;
			containerPortal = 3AC604A12ADF90D600417EA8 /* Project object */;
			proxyType = 1;
			remoteGlobalIDString = 3AC604A82ADF90D600417EA8;
			remoteInfo = FinancialAdvisor;
		};
		3AC604C52ADF90D800417EA8 /* PBXContainerItemProxy */ = {
			isa = PBXContainerItemProxy;
			containerPortal = 3AC604A12ADF90D600417EA8 /* Project object */;
			proxyType = 1;
			remoteGlobalIDString = 3AC604A82ADF90D600417EA8;
			remoteInfo = FinancialAdvisor;
		};
/* End PBXContainerItemProxy section */

/* Begin PBXFileReference section */
		3AC604A92ADF90D600417EA8 /* FinancialAdvisor.app */ = {isa = PBXFileReference; explicitFileType = wrapper.application; includeInIndex = 0; path = FinancialAdvisor.app; sourceTree = BUILT_PRODUCTS_DIR; };
		3AC604AC2ADF90D600417EA8 /* FinancialAdvisorApp.swift */ = {isa = PBXFileReference; lastKnownFileType = sourcecode.swift; path = FinancialAdvisorApp.swift; sourceTree = "<group>"; };
		3AC604AE2ADF90D600417EA8 /* ContentView.swift */ = {isa = PBXFileReference; lastKnownFileType = sourcecode.swift; path = ContentView.swift; sourceTree = "<group>"; };
		3AC604B02ADF90D800417EA8 /* Assets.xcassets */ = {isa = PBXFileReference; lastKnownFileType = folder.assetcatalog; path = Assets.xcassets; sourceTree = "<group>"; };
		3AC604B22ADF90D800417EA8 /* FinancialAdvisor.entitlements */ = {isa = PBXFileReference; lastKnownFileType = text.plist.entitlements; path = FinancialAdvisor.entitlements; sourceTree = "<group>"; };
		3AC604B42ADF90D800417EA8 /* Preview Assets.xcassets */ = {isa = PBXFileReference; lastKnownFileType = folder.assetcatalog; path = "Preview Assets.xcassets"; sourceTree = "<group>"; };
		3AC604BA2ADF90D800417EA8 /* FinancialAdvisorTests.xctest */ = {isa = PBXFileReference; explicitFileType = wrapper.cfbundle; includeInIndex = 0; path = FinancialAdvisorTests.xctest; sourceTree = BUILT_PRODUCTS_DIR; };
		3AC604BE2ADF90D800417EA8 /* FinancialAdvisorTests.swift */ = {isa = PBXFileReference; lastKnownFileType = sourcecode.swift; path = FinancialAdvisorTests.swift; sourceTree = "<group>"; };
		3AC604C42ADF90D800417EA8 /* FinancialAdvisorUITests.xctest */ = {isa = PBXFileReference; explicitFileType = wrapper.cfbundle; includeInIndex = 0; path = FinancialAdvisorUITests.xctest; sourceTree = BUILT_PRODUCTS_DIR; };
		3AC604C82ADF90D900417EA8 /* FinancialAdvisorUITests.swift */ = {isa = PBXFileReference; lastKnownFileType = sourcecode.swift; path = FinancialAdvisorUITests.swift; sourceTree = "<group>"; };
		3AC604CA2ADF90D900417EA8 /* FinancialAdvisorUITestsLaunchTests.swift */ = {isa = PBXFileReference; lastKnownFileType = sourcecode.swift; path = FinancialAdvisorUITestsLaunchTests.swift; sourceTree = "<group>"; };
/* End PBXFileReference section */

/* Begin PBXFrameworksBuildPhase section */
		3AC604A62ADF90D600417EA8 /* Frameworks */ = {
			isa = PBXFrameworksBuildPhase;
			buildActionMask = 2147483647;
			files = (
			);
			runOnlyForDeploymentPostprocessing = 0;
		};
		3AC604B72ADF90D800417EA8 /* Frameworks */ = {
			isa = PBXFrameworksBuildPhase;
			buildActionMask = 2147483647;
			files = (
			);
			runOnlyForDeploymentPostprocessing = 0;
		};
		3AC604C12ADF90D800417EA8 /* Frameworks */ = {
			isa = PBXFrameworksBuildPhase;
			buildActionMask = 2147483647;
			files = (
			);
			runOnlyForDeploymentPostprocessing = 0;
		};
/* End PBXFrameworksBuildPhase section */

/* Begin PBXGroup section */
		3AC604A02ADF90D600417EA8 = {
			isa = PBXGroup;
			children = (
				3AC604AB2ADF90D600417EA8 /* FinancialAdvisor */,
				3AC604BD2ADF90D800417EA8 /* FinancialAdvisorTests */,
				3AC604C72ADF90D800417EA8 /* FinancialAdvisorUITests */,
				3AC604AA2ADF90D600417EA8 /* Products */,
			);
			sourceTree = "<group>";
		};
		3AC604AA2ADF90D600417EA8 /* Products */ = {
			isa = PBXGroup;
			children = (
				3AC604A92ADF90D600417EA8 /* FinancialAdvisor.app */,
				3AC604BA2ADF90D800417EA8 /* FinancialAdvisorTests.xctest */,
				3AC604C42ADF90D800417EA8 /* FinancialAdvisorUITests.xctest */,
			);
			name = Products;
			sourceTree = "<group>";
		};
		3AC604AB2ADF90D600417EA8 /* FinancialAdvisor */ = {
			isa = PBXGroup;
			children = (
				3AC604AC2ADF90D600417EA8 /* FinancialAdvisorApp.swift */,
				3AC604AE2ADF90D600417EA8 /* ContentView.swift */,
				3AC604B02ADF90D800417EA8 /* Assets.xcassets */,
				3AC604B22ADF90D800417EA8 /* FinancialAdvisor.entitlements */,
				3AC604B32ADF90D800417EA8 /* Preview Content */,
			);
			path = FinancialAdvisor;
			sourceTree = "<group>";
		};
		3AC604B32ADF90D800417EA8 /* Preview Content */ = {
			isa = PBXGroup;
			children = (
				3AC604B42ADF90D800417EA8 /* Preview Assets.xcassets */,
			);
			path = "Preview Content";
			sourceTree = "<group>";
		};
		3AC604BD2ADF90D800417EA8 /* FinancialAdvisorTests */ = {
			isa = PBXGroup;
			children = (
				3AC604BE2ADF90D800417EA8 /* FinancialAdvisorTests.swift */,
			);
			path = FinancialAdvisorTests;
			sourceTree = "<group>";
		};
		3AC604C72ADF90D800417EA8 /* FinancialAdvisorUITests */ = {
			isa = PBXGroup;
			children = (
				3AC604C82ADF90D900417EA8 /* FinancialAdvisorUITests.swift */,
				3AC604CA2ADF90D900417EA8 /* FinancialAdvisorUITestsLaunchTests.swift */,
			);
			path = FinancialAdvisorUITests;
			sourceTree = "<group>";
		};
/* End PBXGroup section */

/* Begin PBXNativeTarget section */
		3AC604A82ADF90D600417EA8 /* FinancialAdvisor */ = {
			isa = PBXNativeTarget;
			buildConfigurationList = 3AC604CE2ADF90D900417EA8 /* Build configuration list for PBXNativeTarget "FinancialAdvisor" */;
			buildPhases = (
				3AC604A52ADF90D600417EA8 /* Sources */,
				3AC604A62ADF90D600417EA8 /* Frameworks */,
				3AC604A72ADF90D600417EA8 /* Resources */,
			);
			buildRules = (
			);
			dependencies = (
			);
			name = FinancialAdvisor;
			productName = FinancialAdvisor;
			productReference = 3AC604A92ADF90D600417EA8 /* FinancialAdvisor.app */;
			productType = "com.apple.product-type.application";
		};
		3AC604B92ADF90D800417EA8 /* FinancialAdvisorTests */ = {
			isa = PBXNativeTarget;
			buildConfigurationList = 3AC604D12ADF90D900417EA8 /* Build configuration list for PBXNativeTarget "FinancialAdvisorTests" */;
			buildPhases = (
				3AC604B62ADF90D800417EA8 /* Sources */,
				3AC604B72ADF90D800417EA8 /* Frameworks */,
				3AC604B82ADF90D800417EA8 /* Resources */,
			);
			buildRules = (
			);
			dependencies = (
				3AC604BC2ADF90D800417EA8 /* PBXTargetDependency */,
			);
			name = FinancialAdvisorTests;
			productName = FinancialAdvisorTests;
			productReference = 3AC604BA2ADF90D800417EA8 /* FinancialAdvisorTests.xctest */;
			productType = "com.apple.product-type.bundle.unit-test";
		};
		3AC604C32ADF90D800417EA8 /* FinancialAdvisorUITests */ = {
			isa = PBXNativeTarget;
			buildConfigurationList = 3AC604D42ADF90D900417EA8 /* Build configuration list for PBXNativeTarget "FinancialAdvisorUITests" */;
			buildPhases = (
				3AC604C02ADF90D800417EA8 /* Sources */,
				3AC604C12ADF90D800417EA8 /* Frameworks */,
				3AC604C22ADF90D800417EA8 /* Resources */,
			);
			buildRules = (
			);
			dependencies = (
				3AC604C62ADF90D800417EA8 /* PBXTargetDependency */,
			);
			name = FinancialAdvisorUITests;
			productName = FinancialAdvisorUITests;
			productReference = 3AC604C42ADF90D800417EA8 /* FinancialAdvisorUITests.xctest */;
			productType = "com.apple.product-type.bundle.ui-testing";
		};
/* End PBXNativeTarget section */

/* Begin PBXProject section */
		3AC604A12ADF90D600417EA8 /* Project object */ = {
			isa = PBXProject;
			attributes = {
				BuildIndependentTargetsInParallel = 1;
				LastSwiftUpdateCheck = 1410;
				LastUpgradeCheck = 1410;
				TargetAttributes = {
					3AC604A82ADF90D600417EA8 = {
						CreatedOnToolsVersion = 14.1;
					};
					3AC604B92ADF90D800417EA8 = {
						CreatedOnToolsVersion = 14.1;
						TestTargetID = 3AC604A82ADF90D600417EA8;
					};
					3AC604C32ADF90D800417EA8 = {
						CreatedOnToolsVersion = 14.1;
						TestTargetID = 3AC604A82ADF90D600417EA8;
					};
				};
			};
			buildConfigurationList = 3AC604A42ADF90D600417EA8 /* Build configuration list for PBXProject "FinancialAdvisor" */;
			compatibilityVersion = "Xcode 14.0";
			developmentRegion = en;
			hasScannedForEncodings = 0;
			knownRegions = (
				en,
				Base,
			);
			mainGroup = 3AC604A02ADF90D600417EA8;
			productRefGroup = 3AC604AA2ADF90D600417EA8 /* Products */;
			projectDirPath = "";
			projectRoot = "";
			targets = (
				3AC604A82ADF90D600417EA8 /* FinancialAdvisor */,
				3AC604B92ADF90D800417EA8 /* FinancialAdvisorTests */,
				3AC604C32ADF90D800417EA8 /* FinancialAdvisorUITests */,
			);
		};
/* End PBXProject section */

/* Begin PBXResourcesBuildPhase section */
		3AC604A72ADF90D600417EA8 /* Resources */ = {
			isa = PBXResourcesBuildPhase;
			buildActionMask = 2147483647;
			files = (
				3AC604B52ADF90D800417EA8 /* Preview Assets.xcassets in Resources */,
				3AC604B12ADF90D800417EA8 /* Assets.xcassets in Resources */,
			);
			runOnlyForDeploymentPostprocessing = 0;
		};
		3AC604B82ADF90D800417EA8 /* Resources */ = {
			isa = PBXResourcesBuildPhase;
			buildActionMask = 2147483647;
			files = (
			);
			runOnlyForDeploymentPostprocessing = 0;
		};
		3AC604C22ADF90D800417EA8 /* Resources */ = {
			isa = PBXResourcesBuildPhase;
			buildActionMask = 2147483647;
			files = (
			);
			runOnlyForDeploymentPostprocessing = 0;
		};
/* End PBXResourcesBuildPhase section */

/* Begin PBXSourcesBuildPhase section */
		3AC604A52ADF90D600417EA8 /* Sources */ = {
			isa = PBXSourcesBuildPhase;
			buildActionMask = 2147483647;
			files = (
				3AC604AF2ADF90D600417EA8 /* ContentView.swift in Sources */,
				3AC604AD2ADF90D600417EA8 /* FinancialAdvisorApp.swift in Sources */,
			);
			runOnlyForDeploymentPostprocessing = 0;
		};
		3AC604B62ADF90D800417EA8 /* Sources */ = {
			isa = PBXSourcesBuildPhase;
			buildActionMask = 2147483647;
			files = (
				3AC604BF2ADF90D800417EA8 /* FinancialAdvisorTests.swift in Sources */,
			);
			runOnlyForDeploymentPostprocessing = 0;
		};
		3AC604C02ADF90D800417EA8 /* Sources */ = {
			isa = PBXSourcesBuildPhase;
			buildActionMask = 2147483647;
			files = (
				3AC604C92ADF90D900417EA8 /* FinancialAdvisorUITests.swift in Sources */,
				3AC604CB2ADF90D900417EA8 /* FinancialAdvisorUITestsLaunchTests.swift in Sources */,
			);
			runOnlyForDeploymentPostprocessing = 0;
		};
/* End PBXSourcesBuildPhase section */

/* Begin PBXTargetDependency section */
		3AC604BC2ADF90D800417EA8 /* PBXTargetDependency */ = {
			isa = PBXTargetDependency;
			target = 3AC604A82ADF90D600417EA8 /* FinancialAdvisor */;
			targetProxy = 3AC604BB2ADF90D800417EA8 /* PBXContainerItemProxy */;
		};
		3AC604C62ADF90D800417EA8 /* PBXTargetDependency */ = {
			isa = PBXTargetDependency;
			target = 3AC604A82ADF90D600417EA8 /* FinancialAdvisor */;
			targetProxy = 3AC604C52ADF90D800417EA8 /* PBXContainerItemProxy */;
		};
/* End PBXTargetDependency section */

/* Begin XCBuildConfiguration section */
		3AC604CC2ADF90D900417EA8 /* Debug */ = {
			isa = XCBuildConfiguration;
			buildSettings = {
				ALWAYS_SEARCH_USER_PATHS = NO;
				CLANG_ANALYZER_NONNULL = YES;
				CLANG_ANALYZER_NUMBER_OBJECT_CONVERSION = YES_AGGRESSIVE;
				CLANG_CXX_LANGUAGE_STANDARD = "gnu++20";
				CLANG_ENABLE_MODULES = YES;
				CLANG_ENABLE_OBJC_ARC = YES;
				CLANG_ENABLE_OBJC_WEAK = YES;
				CLANG_WARN_BLOCK_CAPTURE_AUTORELEASING = YES;
				CLANG_WARN_BOOL_CONVERSION = YES;
				CLANG_WARN_COMMA = YES;
				CLANG_WARN_CONSTANT_CONVERSION = YES;
				CLANG_WARN_DEPRECATED_OBJC_IMPLEMENTATIONS = YES;
				CLANG_WARN_DIRECT_OBJC_ISA_USAGE = YES_ERROR;
				CLANG_WARN_DOCUMENTATION_COMMENTS = YES;
				CLANG_WARN_EMPTY_BODY = YES;
				CLANG_WARN_ENUM_CONVERSION = YES;
				CLANG_WARN_INFINITE_RECURSION = YES;
				CLANG_WARN_INT_CONVERSION = YES;
				CLANG_WARN_NON_LITERAL_NULL_CONVERSION = YES;
				CLANG_WARN_OBJC_IMPLICIT_RETAIN_SELF = YES;
				CLANG_WARN_OBJC_LITERAL_CONVERSION = YES;
				CLANG_WARN_OBJC_ROOT_CLASS = YES_ERROR;
				CLANG_WARN_QUOTED_INCLUDE_IN_FRAMEWORK_HEADER = YES;
				CLANG_WARN_RANGE_LOOP_ANALYSIS = YES;
				CLANG_WARN_STRICT_PROTOTYPES = YES;
				CLANG_WARN_SUSPICIOUS_MOVE = YES;
				CLANG_WARN_UNGUARDED_AVAILABILITY = YES_AGGRESSIVE;
				CLANG_WARN_UNREACHABLE_CODE = YES;
				CLANG_WARN__DUPLICATE_METHOD_MATCH = YES;
				COPY_PHASE_STRIP = NO;
				DEBUG_INFORMATION_FORMAT = dwarf;
				ENABLE_STRICT_OBJC_MSGSEND = YES;
				ENABLE_TESTABILITY = YES;
				GCC_C_LANGUAGE_STANDARD = gnu11;
				GCC_DYNAMIC_NO_PIC = NO;
				GCC_NO_COMMON_BLOCKS = YES;
				GCC_OPTIMIZATION_LEVEL = 0;
				GCC_PREPROCESSOR_DEFINITIONS = (
					"DEBUG=1",
					"$(inherited)",
				);
				GCC_WARN_64_TO_32_BIT_CONVERSION = YES;
				GCC_WARN_ABOUT_RETURN_TYPE = YES_ERROR;
				GCC_WARN_UNDECLARED_SELECTOR = YES;
				GCC_WARN_UNINITIALIZED_AUTOS = YES_AGGRESSIVE;
				GCC_WARN_UNUSED_FUNCTION = YES;
				GCC_WARN_UNUSED_VARIABLE = YES;
				MTL_ENABLE_DEBUG_INFO = INCLUDE_SOURCE;
				MTL_FAST_MATH = YES;
				ONLY_ACTIVE_ARCH = YES;
				SWIFT_ACTIVE_COMPILATION_CONDITIONS = DEBUG;
				SWIFT_OPTIMIZATION_LEVEL = "-Onone";
			};
			name = Debug;
		};
		3AC604CD2ADF90D900417EA8 /* Release */ = {
			isa = XCBuildConfiguration;
			buildSettings = {
				ALWAYS_SEARCH_USER_PATHS = NO;
				CLANG_ANALYZER_NONNULL = YES;
				CLANG_ANALYZER_NUMBER_OBJECT_CONVERSION = YES_AGGRESSIVE;
				CLANG_CXX_LANGUAGE_STANDARD = "gnu++20";
				CLANG_ENABLE_MODULES = YES;
				CLANG_ENABLE_OBJC_ARC = YES;
				CLANG_ENABLE_OBJC_WEAK = YES;
				CLANG_WARN_BLOCK_CAPTURE_AUTORELEASING = YES;
				CLANG_WARN_BOOL_CONVERSION = YES;
				CLANG_WARN_COMMA = YES;
				CLANG_WARN_CONSTANT_CONVERSION = YES;
				CLANG_WARN_DEPRECATED_OBJC_IMPLEMENTATIONS = YES;
				CLANG_WARN_DIRECT_OBJC_ISA_USAGE = YES_ERROR;
				CLANG_WARN_DOCUMENTATION_COMMENTS = YES;
				CLANG_WARN_EMPTY_BODY = YES;
				CLANG_WARN_ENUM_CONVERSION = YES;
				CLANG_WARN_INFINITE_RECURSION = YES;
				CLANG_WARN_INT_CONVERSION = YES;
				CLANG_WARN_NON_LITERAL_NULL_CONVERSION = YES;
				CLANG_WARN_OBJC_IMPLICIT_RETAIN_SELF = YES;
				CLANG_WARN_OBJC_LITERAL_CONVERSION = YES;
				CLANG_WARN_OBJC_ROOT_CLASS = YES_ERROR;
				CLANG_WARN_QUOTED_INCLUDE_IN_FRAMEWORK_HEADER = YES;
				CLANG_WARN_RANGE_LOOP_ANALYSIS = YES;
				CLANG_WARN_STRICT_PROTOTYPES = YES;
				CLANG_WARN_SUSPICIOUS_MOVE = YES;
				CLANG_WARN_UNGUARDED_AVAILABILITY = YES_AGGRESSIVE;
				CLANG_WARN_UNREACHABLE_CODE = YES;
				CLANG_WARN__DUPLICATE_METHOD_MATCH = YES;
				COPY_PHASE_STRIP = NO;
				DEBUG_INFORMATION_FORMAT = "dwarf-with-dsym";
				ENABLE_NS_ASSERTIONS = NO;
				ENABLE_STRICT_OBJC_MSGSEND = YES;
				GCC_C_LANGUAGE_STANDARD = gnu11;
				GCC_NO_COMMON_BLOCKS = YES;
				GCC_WARN_64_TO_32_BIT_CONVERSION = YES;
				GCC_WARN_ABOUT_RETURN_TYPE = YES_ERROR;
				GCC_WARN_UNDECLARED_SELECTOR = YES;
				GCC_WARN_UNINITIALIZED_AUTOS = YES_AGGRESSIVE;
				GCC_WARN_UNUSED_FUNCTION = YES;
				GCC_WARN_UNUSED_VARIABLE = YES;
				MTL_ENABLE_DEBUG_INFO = NO;
				MTL_FAST_MATH = YES;
				SWIFT_COMPILATION_MODE = wholemodule;
				SWIFT_OPTIMIZATION_LEVEL = "-O";
			};
			name = Release;
		};
		3AC604CF2ADF90D900417EA8 /* Debug */ = {
			isa = XCBuildConfiguration;
			buildSettings = {
				ASSETCATALOG_COMPILER_APPICON_NAME = AppIcon;
				ASSETCATALOG_COMPILER_GLOBAL_ACCENT_COLOR_NAME = AccentColor;
				CODE_SIGN_ENTITLEMENTS = FinancialAdvisor/FinancialAdvisor.entitlements;
				CODE_SIGN_STYLE = Automatic;
				CURRENT_PROJECT_VERSION = 1;
				DEVELOPMENT_ASSET_PATHS = "\"FinancialAdvisor/Preview Content\"";
				DEVELOPMENT_TEAM = 4AL2UK5Z4U;
				ENABLE_HARDENED_RUNTIME = YES;
				ENABLE_PREVIEWS = YES;
				GENERATE_INFOPLIST_FILE = YES;
				"INFOPLIST_KEY_UIApplicationSceneManifest_Generation[sdk=iphoneos*]" = YES;
				"INFOPLIST_KEY_UIApplicationSceneManifest_Generation[sdk=iphonesimulator*]" = YES;
				"INFOPLIST_KEY_UIApplicationSupportsIndirectInputEvents[sdk=iphoneos*]" = YES;
				"INFOPLIST_KEY_UIApplicationSupportsIndirectInputEvents[sdk=iphonesimulator*]" = YES;
				"INFOPLIST_KEY_UILaunchScreen_Generation[sdk=iphoneos*]" = YES;
				"INFOPLIST_KEY_UILaunchScreen_Generation[sdk=iphonesimulator*]" = YES;
				"INFOPLIST_KEY_UIStatusBarStyle[sdk=iphoneos*]" = UIStatusBarStyleDefault;
				"INFOPLIST_KEY_UIStatusBarStyle[sdk=iphonesimulator*]" = UIStatusBarStyleDefault;
				INFOPLIST_KEY_UISupportedInterfaceOrientations_iPad = "UIInterfaceOrientationPortrait UIInterfaceOrientationPortraitUpsideDown UIInterfaceOrientationLandscapeLeft UIInterfaceOrientationLandscapeRight";
				INFOPLIST_KEY_UISupportedInterfaceOrientations_iPhone = "UIInterfaceOrientationPortrait UIInterfaceOrientationLandscapeLeft UIInterfaceOrientationLandscapeRight";
				IPHONEOS_DEPLOYMENT_TARGET = 16.1;
				LD_RUNPATH_SEARCH_PATHS = "@executable_path/Frameworks";
				"LD_RUNPATH_SEARCH_PATHS[sdk=macosx*]" = "@executable_path/../Frameworks";
				MACOSX_DEPLOYMENT_TARGET = 13.0;
				MARKETING_VERSION = 1.0;
				PRODUCT_BUNDLE_IDENTIFIER = "com.phychic-owl.FinancialAdvisor";
				PRODUCT_NAME = "$(TARGET_NAME)";
				SDKROOT = auto;
				SUPPORTED_PLATFORMS = "iphoneos iphonesimulator macosx";
				SWIFT_EMIT_LOC_STRINGS = YES;
				SWIFT_VERSION = 5.0;
				TARGETED_DEVICE_FAMILY = "1,2";
			};
			name = Debug;
		};
		3AC604D02ADF90D900417EA8 /* Release */ = {
			isa = XCBuildConfiguration;
			buildSettings = {
				ASSETCATALOG_COMPILER_APPICON_NAME = AppIcon;
				ASSETCATALOG_COMPILER_GLOBAL_ACCENT_COLOR_NAME = AccentColor;
				CODE_SIGN_ENTITLEMENTS = FinancialAdvisor/FinancialAdvisor.entitlements;
				CODE_SIGN_STYLE = Automatic;
				CURRENT_PROJECT_VERSION = 1;
				DEVELOPMENT_ASSET_PATHS = "\"FinancialAdvisor/Preview Content\"";
				DEVELOPMENT_TEAM = 4AL2UK5Z4U;
				ENABLE_HARDENED_RUNTIME = YES;
				ENABLE_PREVIEWS = YES;
				GENERATE_INFOPLIST_FILE = YES;
				"INFOPLIST_KEY_UIApplicationSceneManifest_Generation[sdk=iphoneos*]" = YES;
				"INFOPLIST_KEY_UIApplicationSceneManifest_Generation[sdk=iphonesimulator*]" = YES;
				"INFOPLIST_KEY_UIApplicationSupportsIndirectInputEvents[sdk=iphoneos*]" = YES;
				"INFOPLIST_KEY_UIApplicationSupportsIndirectInputEvents[sdk=iphonesimulator*]" = YES;
				"INFOPLIST_KEY_UILaunchScreen_Generation[sdk=iphoneos*]" = YES;
				"INFOPLIST_KEY_UILaunchScreen_Generation[sdk=iphonesimulator*]" = YES;
				"INFOPLIST_KEY_UIStatusBarStyle[sdk=iphoneos*]" = UIStatusBarStyleDefault;
				"INFOPLIST_KEY_UIStatusBarStyle[sdk=iphonesimulator*]" = UIStatusBarStyleDefault;
				INFOPLIST_KEY_UISupportedInterfaceOrientations_iPad = "UIInterfaceOrientationPortrait UIInterfaceOrientationPortraitUpsideDown UIInterfaceOrientationLandscapeLeft UIInterfaceOrientationLandscapeRight";
				INFOPLIST_KEY_UISupportedInterfaceOrientations_iPhone = "UIInterfaceOrientationPortrait UIInterfaceOrientationLandscapeLeft UIInterfaceOrientationLandscapeRight";
				IPHONEOS_DEPLOYMENT_TARGET = 16.1;
				LD_RUNPATH_SEARCH_PATHS = "@executable_path/Frameworks";
				"LD_RUNPATH_SEARCH_PATHS[sdk=macosx*]" = "@executable_path/../Frameworks";
				MACOSX_DEPLOYMENT_TARGET = 13.0;
				MARKETING_VERSION = 1.0;
				PRODUCT_BUNDLE_IDENTIFIER = "com.phychic-owl.FinancialAdvisor";
				PRODUCT_NAME = "$(TARGET_NAME)";
				SDKROOT = auto;
				SUPPORTED_PLATFORMS = "iphoneos iphonesimulator macosx";
				SWIFT_EMIT_LOC_STRINGS = YES;
				SWIFT_VERSION = 5.0;
				TARGETED_DEVICE_FAMILY = "1,2";
			};
			name = Release;
		};
		3AC604D22ADF90D900417EA8 /* Debug */ = {
			isa = XCBuildConfiguration;
			buildSettings = {
				ALWAYS_EMBED_SWIFT_STANDARD_LIBRARIES = YES;
				BUNDLE_LOADER = "$(TEST_HOST)";
				CODE_SIGN_STYLE = Automatic;
				CURRENT_PROJECT_VERSION = 1;
				DEVELOPMENT_TEAM = 4AL2UK5Z4U;
				GENERATE_INFOPLIST_FILE = YES;
				IPHONEOS_DEPLOYMENT_TARGET = 16.1;
				MACOSX_DEPLOYMENT_TARGET = 13.0;
				MARKETING_VERSION = 1.0;
				PRODUCT_BUNDLE_IDENTIFIER = "com.phychic-owl.FinancialAdvisorTests";
				PRODUCT_NAME = "$(TARGET_NAME)";
				SDKROOT = auto;
				SUPPORTED_PLATFORMS = "iphoneos iphonesimulator macosx";
				SWIFT_EMIT_LOC_STRINGS = NO;
				SWIFT_VERSION = 5.0;
				TARGETED_DEVICE_FAMILY = "1,2";
				TEST_HOST = "$(BUILT_PRODUCTS_DIR)/FinancialAdvisor.app/$(BUNDLE_EXECUTABLE_FOLDER_PATH)/FinancialAdvisor";
			};
			name = Debug;
		};
		3AC604D32ADF90D900417EA8 /* Release */ = {
			isa = XCBuildConfiguration;
			buildSettings = {
				ALWAYS_EMBED_SWIFT_STANDARD_LIBRARIES = YES;
				BUNDLE_LOADER = "$(TEST_HOST)";
				CODE_SIGN_STYLE = Automatic;
				CURRENT_PROJECT_VERSION = 1;
				DEVELOPMENT_TEAM = 4AL2UK5Z4U;
				GENERATE_INFOPLIST_FILE = YES;
				IPHONEOS_DEPLOYMENT_TARGET = 16.1;
				MACOSX_DEPLOYMENT_TARGET = 13.0;
				MARKETING_VERSION = 1.0;
				PRODUCT_BUNDLE_IDENTIFIER = "com.phychic-owl.FinancialAdvisorTests";
				PRODUCT_NAME = "$(TARGET_NAME)";
				SDKROOT = auto;
				SUPPORTED_PLATFORMS = "iphoneos iphonesimulator macosx";
				SWIFT_EMIT_LOC_STRINGS = NO;
				SWIFT_VERSION = 5.0;
				TARGETED_DEVICE_FAMILY = "1,2";
				TEST_HOST = "$(BUILT_PRODUCTS_DIR)/FinancialAdvisor.app/$(BUNDLE_EXECUTABLE_FOLDER_PATH)/FinancialAdvisor";
			};
			name = Release;
		};
		3AC604D52ADF90D900417EA8 /* Debug */ = {
			isa = XCBuildConfiguration;
			buildSettings = {
				ALWAYS_EMBED_SWIFT_STANDARD_LIBRARIES = YES;
				CODE_SIGN_STYLE = Automatic;
				CURRENT_PROJECT_VERSION = 1;
				DEVELOPMENT_TEAM = 4AL2UK5Z4U;
				GENERATE_INFOPLIST_FILE = YES;
				IPHONEOS_DEPLOYMENT_TARGET = 16.1;
				MACOSX_DEPLOYMENT_TARGET = 13.0;
				MARKETING_VERSION = 1.0;
				PRODUCT_BUNDLE_IDENTIFIER = "com.phychic-owl.FinancialAdvisorUITests";
				PRODUCT_NAME = "$(TARGET_NAME)";
				SDKROOT = auto;
				SUPPORTED_PLATFORMS = "iphoneos iphonesimulator macosx";
				SWIFT_EMIT_LOC_STRINGS = NO;
				SWIFT_VERSION = 5.0;
				TARGETED_DEVICE_FAMILY = "1,2";
				TEST_TARGET_NAME = FinancialAdvisor;
			};
			name = Debug;
		};
		3AC604D62ADF90D900417EA8 /* Release */ = {
			isa = XCBuildConfiguration;
			buildSettings = {
				ALWAYS_EMBED_SWIFT_STANDARD_LIBRARIES = YES;
				CODE_SIGN_STYLE = Automatic;
				CURRENT_PROJECT_VERSION = 1;
				DEVELOPMENT_TEAM = 4AL2UK5Z4U;
				GENERATE_INFOPLIST_FILE = YES;
				IPHONEOS_DEPLOYMENT_TARGET = 16.1;
				MACOSX_DEPLOYMENT_TARGET = 13.0;
				MARKETING_VERSION = 1.0;
				PRODUCT_BUNDLE_IDENTIFIER = "com.phychic-owl.FinancialAdvisorUITests";
				PRODUCT_NAME = "$(TARGET_NAME)";
				SDKROOT = auto;
				SUPPORTED_PLATFORMS = "iphoneos iphonesimulator macosx";
				SWIFT_EMIT_LOC_STRINGS = NO;
				SWIFT_VERSION = 5.0;
				TARGETED_DEVICE_FAMILY = "1,2";
				TEST_TARGET_NAME = FinancialAdvisor;
			};
			name = Release;
		};
/* End XCBuildConfiguration section */

/* Begin XCConfigurationList section */
		3AC604A42ADF90D600417EA8 /* Build configuration list for PBXProject "FinancialAdvisor" */ = {
			isa = XCConfigurationList;
			buildConfigurations = (
				3AC604CC2ADF90D900417EA8 /* Debug */,
				3AC604CD2ADF90D900417EA8 /* Release */,
			);
			defaultConfigurationIsVisible = 0;
			defaultConfigurationName = Release;
		};
		3AC604CE2ADF90D900417EA8 /* Build configuration list for PBXNativeTarget "FinancialAdvisor" */ = {
			isa = XCConfigurationList;
			buildConfigurations = (
				3AC604CF2ADF90D900417EA8 /* Debug */,
				3AC604D02ADF90D900417EA8 /* Release */,
			);
			defaultConfigurationIsVisible = 0;
			defaultConfigurationName = Release;
		};
		3AC604D12ADF90D900417EA8 /* Build configuration list for PBXNativeTarget "FinancialAdvisorTests" */ = {
			isa = XCConfigurationList;
			buildConfigurations = (
				3AC604D22ADF90D900417EA8 /* Debug */,
				3AC604D32ADF90D900417EA8 /* Release */,
			);
			defaultConfigurationIsVisible = 0;
			defaultConfigurationName = Release;
		};
		3AC604D42ADF90D900417EA8 /* Build configuration list for PBXNativeTarget "FinancialAdvisorUITests" */ = {
			isa = XCConfigurationList;
			buildConfigurations = (
				3AC604D52ADF90D900417EA8 /* Debug */,
				3AC604D62ADF90D900417EA8 /* Release */,
			);
			defaultConfigurationIsVisible = 0;
			defaultConfigurationName = Release;
		};
/* End XCConfigurationList section */
	};
	rootObject = 3AC604A12ADF90D600417EA8 /* Project object */;
}
